// !$*UTF8*$!
{
	archiveVersion = 1;
	classes = {
	};
	objectVersion = 46;
	objects = {

/* Begin PBXBuildFile section */
		E60E51BB1804069C00181A26 /* Foundation.framework in Frameworks */ = {isa = PBXBuildFile; fileRef = E60E51BA1804069C00181A26 /* Foundation.framework */; };
		E60E51BD1804069C00181A26 /* CoreGraphics.framework in Frameworks */ = {isa = PBXBuildFile; fileRef = E60E51BC1804069C00181A26 /* CoreGraphics.framework */; };
		E60E51BF1804069C00181A26 /* UIKit.framework in Frameworks */ = {isa = PBXBuildFile; fileRef = E60E51BE1804069C00181A26 /* UIKit.framework */; };
		E60E51C51804069C00181A26 /* InfoPlist.strings in Resources */ = {isa = PBXBuildFile; fileRef = E60E51C31804069C00181A26 /* InfoPlist.strings */; };
		E60E51D51804069C00181A26 /* Foundation.framework in Frameworks */ = {isa = PBXBuildFile; fileRef = E60E51BA1804069C00181A26 /* Foundation.framework */; };
		E60E51D61804069C00181A26 /* UIKit.framework in Frameworks */ = {isa = PBXBuildFile; fileRef = E60E51BE1804069C00181A26 /* UIKit.framework */; };
		E60E51DE1804069C00181A26 /* InfoPlist.strings in Resources */ = {isa = PBXBuildFile; fileRef = E60E51DC1804069C00181A26 /* InfoPlist.strings */; };
		E60E51E01804069C00181A26 /* UndeadRisingTests.m in Sources */ = {isa = PBXBuildFile; fileRef = E60E51DF1804069C00181A26 /* UndeadRisingTests.m */; };
		E60E52491804098900181A26 /* Main.cpp in Sources */ = {isa = PBXBuildFile; fileRef = E60E52471804098900181A26 /* Main.cpp */; };
		E60E524A1804098900181A26 /* Main.cpp in Sources */ = {isa = PBXBuildFile; fileRef = E60E52471804098900181A26 /* Main.cpp */; };
		E60E525618040A0300181A26 /* libEngine Mac.a in Frameworks */ = {isa = PBXBuildFile; fileRef = E60E5253180409F500181A26 /* libEngine Mac.a */; };
		E60E525A18040AE300181A26 /* OpenGL.framework in Frameworks */ = {isa = PBXBuildFile; fileRef = E60E525918040AE300181A26 /* OpenGL.framework */; };
		E60E525C18040AE700181A26 /* IOKit.framework in Frameworks */ = {isa = PBXBuildFile; fileRef = E60E525B18040AE700181A26 /* IOKit.framework */; };
		E60E525E18040AF300181A26 /* libz.dylib in Frameworks */ = {isa = PBXBuildFile; fileRef = E60E525D18040AF300181A26 /* libz.dylib */; };
		E60E526018040AFB00181A26 /* Cocoa.framework in Frameworks */ = {isa = PBXBuildFile; fileRef = E60E525F18040AFB00181A26 /* Cocoa.framework */; };
		E60E526218040B0400181A26 /* libangelscript.a in Frameworks */ = {isa = PBXBuildFile; fileRef = E60E526118040B0400181A26 /* libangelscript.a */; };
		E650D5F7184169C6008B2A5F /* wave0.png in CopyFiles */ = {isa = PBXBuildFile; fileRef = E650D5F5184169C6008B2A5F /* wave0.png */; };
		E650D5F8184169C6008B2A5F /* wave1.png in CopyFiles */ = {isa = PBXBuildFile; fileRef = E650D5F6184169C6008B2A5F /* wave1.png */; };
		E650D5FB184169E3008B2A5F /* wave0.png in Resources */ = {isa = PBXBuildFile; fileRef = E650D5F5184169C6008B2A5F /* wave0.png */; };
		E650D5FC184169E3008B2A5F /* wave1.png in Resources */ = {isa = PBXBuildFile; fileRef = E650D5F6184169C6008B2A5F /* wave1.png */; };
		E65BD8561835983300A51612 /* OpenGLES.framework in Frameworks */ = {isa = PBXBuildFile; fileRef = E65BD8551835983300A51612 /* OpenGLES.framework */; };
		E65BD85A1835984800A51612 /* libz.dylib in Frameworks */ = {isa = PBXBuildFile; fileRef = E65BD8591835984800A51612 /* libz.dylib */; };
		E65BD85C1835985000A51612 /* QuartzCore.framework in Frameworks */ = {isa = PBXBuildFile; fileRef = E65BD85B1835985000A51612 /* QuartzCore.framework */; };
		E65BD85E1835986100A51612 /* libfreetype.a in Frameworks */ = {isa = PBXBuildFile; fileRef = E65BD85D1835986100A51612 /* libfreetype.a */; };
		E65BD8601835986900A51612 /* libangelscript.a in Frameworks */ = {isa = PBXBuildFile; fileRef = E65BD85F1835986900A51612 /* libangelscript.a */; };
		E67326DE1820FB4C004B1FFB /* IslandData.cpp in Sources */ = {isa = PBXBuildFile; fileRef = E67326DC1820FB4C004B1FFB /* IslandData.cpp */; };
		E67326DF1820FB4C004B1FFB /* IslandData.cpp in Sources */ = {isa = PBXBuildFile; fileRef = E67326DC1820FB4C004B1FFB /* IslandData.cpp */; };
		E67326E01820FB4C004B1FFB /* IslandData.cpp in Sources */ = {isa = PBXBuildFile; fileRef = E67326DC1820FB4C004B1FFB /* IslandData.cpp */; };
		E680ED29183DDD600091DDEB /* InteractableComponent.cpp in Sources */ = {isa = PBXBuildFile; fileRef = E680ED25183DDD600091DDEB /* InteractableComponent.cpp */; };
		E680ED2A183DDD600091DDEB /* InteractableComponent.cpp in Sources */ = {isa = PBXBuildFile; fileRef = E680ED25183DDD600091DDEB /* InteractableComponent.cpp */; };
		E680ED2B183DDD600091DDEB /* TalkerComponent.cpp in Sources */ = {isa = PBXBuildFile; fileRef = E680ED27183DDD600091DDEB /* TalkerComponent.cpp */; };
		E680ED2C183DDD600091DDEB /* TalkerComponent.cpp in Sources */ = {isa = PBXBuildFile; fileRef = E680ED27183DDD600091DDEB /* TalkerComponent.cpp */; };
		E680ED64183DDFAA0091DDEB /* Arial.ttf in CopyFiles */ = {isa = PBXBuildFile; fileRef = E680ED4C183DDFA90091DDEB /* Arial.ttf */; };
		E680ED65183DDFAA0091DDEB /* Avatar0.png in CopyFiles */ = {isa = PBXBuildFile; fileRef = E680ED4D183DDFA90091DDEB /* Avatar0.png */; };
		E680ED66183DDFAA0091DDEB /* CombatScreen.xml in CopyFiles */ = {isa = PBXBuildFile; fileRef = E680ED4E183DDFA90091DDEB /* CombatScreen.xml */; };
		E680ED67183DDFAA0091DDEB /* Consolas.ttf in CopyFiles */ = {isa = PBXBuildFile; fileRef = E680ED4F183DDFA90091DDEB /* Consolas.ttf */; };
		E680ED68183DDFAA0091DDEB /* Desert.png in CopyFiles */ = {isa = PBXBuildFile; fileRef = E680ED50183DDFA90091DDEB /* Desert.png */; };
		E680ED69183DDFAA0091DDEB /* dialogue.png in CopyFiles */ = {isa = PBXBuildFile; fileRef = E680ED51183DDFA90091DDEB /* dialogue.png */; };
		E680ED6A183DDFAA0091DDEB /* Dialogue.xml in CopyFiles */ = {isa = PBXBuildFile; fileRef = E680ED52183DDFA90091DDEB /* Dialogue.xml */; };
		E680ED6B183DDFAA0091DDEB /* DialogueInterface.xml in CopyFiles */ = {isa = PBXBuildFile; fileRef = E680ED53183DDFA90091DDEB /* DialogueInterface.xml */; };
		E680ED6D183DDFAA0091DDEB /* Dirt.png in CopyFiles */ = {isa = PBXBuildFile; fileRef = E680ED55183DDFA90091DDEB /* Dirt.png */; };
		E680ED6E183DDFAA0091DDEB /* explosion.png in CopyFiles */ = {isa = PBXBuildFile; fileRef = E680ED56183DDFA90091DDEB /* explosion.png */; };
		E680ED70183DDFAA0091DDEB /* Grass.png in CopyFiles */ = {isa = PBXBuildFile; fileRef = E680ED58183DDFAA0091DDEB /* Grass.png */; };
		E680ED72183DDFAA0091DDEB /* Rock.png in CopyFiles */ = {isa = PBXBuildFile; fileRef = E680ED5A183DDFAA0091DDEB /* Rock.png */; };
		E680ED73183DDFAA0091DDEB /* scroll.png in CopyFiles */ = {isa = PBXBuildFile; fileRef = E680ED5B183DDFAA0091DDEB /* scroll.png */; };
		E680ED74183DDFAA0091DDEB /* sketch.png in CopyFiles */ = {isa = PBXBuildFile; fileRef = E680ED5C183DDFAA0091DDEB /* sketch.png */; };
		E680ED76183DDFAA0091DDEB /* Snow.png in CopyFiles */ = {isa = PBXBuildFile; fileRef = E680ED5E183DDFAA0091DDEB /* Snow.png */; };
		E680ED77183DDFAA0091DDEB /* Terrain.frag in CopyFiles */ = {isa = PBXBuildFile; fileRef = E680ED5F183DDFAA0091DDEB /* Terrain.frag */; };
		E680ED78183DDFAA0091DDEB /* Terrain.vert in CopyFiles */ = {isa = PBXBuildFile; fileRef = E680ED60183DDFAA0091DDEB /* Terrain.vert */; };
		E680ED7A183DDFAA0091DDEB /* Water.png in CopyFiles */ = {isa = PBXBuildFile; fileRef = E680ED62183DDFAA0091DDEB /* Water.png */; };
		E680ED7B183DE0BE0091DDEB /* Arial.ttf in Resources */ = {isa = PBXBuildFile; fileRef = E680ED4C183DDFA90091DDEB /* Arial.ttf */; };
		E680ED7C183DE0BE0091DDEB /* Avatar0.png in Resources */ = {isa = PBXBuildFile; fileRef = E680ED4D183DDFA90091DDEB /* Avatar0.png */; };
		E680ED7D183DE0BE0091DDEB /* CombatScreen.xml in Resources */ = {isa = PBXBuildFile; fileRef = E680ED4E183DDFA90091DDEB /* CombatScreen.xml */; };
		E680ED7E183DE0BE0091DDEB /* Consolas.ttf in Resources */ = {isa = PBXBuildFile; fileRef = E680ED4F183DDFA90091DDEB /* Consolas.ttf */; };
		E680ED7F183DE0BE0091DDEB /* Desert.png in Resources */ = {isa = PBXBuildFile; fileRef = E680ED50183DDFA90091DDEB /* Desert.png */; };
		E680ED80183DE0BE0091DDEB /* dialogue.png in Resources */ = {isa = PBXBuildFile; fileRef = E680ED51183DDFA90091DDEB /* dialogue.png */; };
		E680ED81183DE0BE0091DDEB /* Dialogue.xml in Resources */ = {isa = PBXBuildFile; fileRef = E680ED52183DDFA90091DDEB /* Dialogue.xml */; };
		E680ED82183DE0BE0091DDEB /* DialogueInterface.xml in Resources */ = {isa = PBXBuildFile; fileRef = E680ED53183DDFA90091DDEB /* DialogueInterface.xml */; };
		E680ED83183DE0BE0091DDEB /* Dirt.png in Resources */ = {isa = PBXBuildFile; fileRef = E680ED55183DDFA90091DDEB /* Dirt.png */; };
		E680ED84183DE0BE0091DDEB /* explosion.png in Resources */ = {isa = PBXBuildFile; fileRef = E680ED56183DDFA90091DDEB /* explosion.png */; };
		E680ED85183DE0BE0091DDEB /* Grass.png in Resources */ = {isa = PBXBuildFile; fileRef = E680ED58183DDFAA0091DDEB /* Grass.png */; };
		E680ED86183DE0BE0091DDEB /* Rock.png in Resources */ = {isa = PBXBuildFile; fileRef = E680ED5A183DDFAA0091DDEB /* Rock.png */; };
		E680ED87183DE0BE0091DDEB /* scroll.png in Resources */ = {isa = PBXBuildFile; fileRef = E680ED5B183DDFAA0091DDEB /* scroll.png */; };
		E680ED88183DE0BE0091DDEB /* sketch.png in Resources */ = {isa = PBXBuildFile; fileRef = E680ED5C183DDFAA0091DDEB /* sketch.png */; };
		E680ED89183DE0BE0091DDEB /* Snow.png in Resources */ = {isa = PBXBuildFile; fileRef = E680ED5E183DDFAA0091DDEB /* Snow.png */; };
		E680ED8A183DE0BE0091DDEB /* Terrain.frag in Sources */ = {isa = PBXBuildFile; fileRef = E680ED5F183DDFAA0091DDEB /* Terrain.frag */; };
		E680ED8B183DE0BE0091DDEB /* Terrain.vert in Sources */ = {isa = PBXBuildFile; fileRef = E680ED60183DDFAA0091DDEB /* Terrain.vert */; };
		E680ED8C183DE0BE0091DDEB /* Water.png in Resources */ = {isa = PBXBuildFile; fileRef = E680ED62183DDFAA0091DDEB /* Water.png */; };
		E68E1F8E1821A69300D0F5E7 /* GameProcess.cpp in Sources */ = {isa = PBXBuildFile; fileRef = E68E1F8C1821A69300D0F5E7 /* GameProcess.cpp */; };
		E68E1F8F1821A69300D0F5E7 /* GameProcess.cpp in Sources */ = {isa = PBXBuildFile; fileRef = E68E1F8C1821A69300D0F5E7 /* GameProcess.cpp */; };
		E68E1F921821B0E900D0F5E7 /* StateMachineComponent.cpp in Sources */ = {isa = PBXBuildFile; fileRef = E68E1F901821B0E900D0F5E7 /* StateMachineComponent.cpp */; };
		E68E1F931821B0E900D0F5E7 /* StateMachineComponent.cpp in Sources */ = {isa = PBXBuildFile; fileRef = E68E1F901821B0E900D0F5E7 /* StateMachineComponent.cpp */; };
		E68E1F961821B32E00D0F5E7 /* SteeringComponent.cpp in Sources */ = {isa = PBXBuildFile; fileRef = E68E1F941821B32E00D0F5E7 /* SteeringComponent.cpp */; };
		E68E1F971821B32E00D0F5E7 /* SteeringComponent.cpp in Sources */ = {isa = PBXBuildFile; fileRef = E68E1F941821B32E00D0F5E7 /* SteeringComponent.cpp */; };
		E69A6E1318317FAF00D035AE /* CombatProcess.cpp in Sources */ = {isa = PBXBuildFile; fileRef = E69A6E1118317FAF00D035AE /* CombatProcess.cpp */; };
		E69A6E1418317FAF00D035AE /* CombatProcess.cpp in Sources */ = {isa = PBXBuildFile; fileRef = E69A6E1118317FAF00D035AE /* CombatProcess.cpp */; };
		E69A6E17183183F700D035AE /* CharacterAttributes.cpp in Sources */ = {isa = PBXBuildFile; fileRef = E69A6E15183183F700D035AE /* CharacterAttributes.cpp */; };
		E69A6E18183183F700D035AE /* CharacterAttributes.cpp in Sources */ = {isa = PBXBuildFile; fileRef = E69A6E15183183F700D035AE /* CharacterAttributes.cpp */; };
		E69A6E1B183184EB00D035AE /* Character.cpp in Sources */ = {isa = PBXBuildFile; fileRef = E69A6E19183184EB00D035AE /* Character.cpp */; };
		E69A6E1C183184EB00D035AE /* Character.cpp in Sources */ = {isa = PBXBuildFile; fileRef = E69A6E19183184EB00D035AE /* Character.cpp */; };
		E69A6E1F1832042800D035AE /* CombatAbility.cpp in Sources */ = {isa = PBXBuildFile; fileRef = E69A6E1D1832042800D035AE /* CombatAbility.cpp */; };
		E69A6E201832042800D035AE /* CombatAbility.cpp in Sources */ = {isa = PBXBuildFile; fileRef = E69A6E1D1832042800D035AE /* CombatAbility.cpp */; };
		E69A6E231832076900D035AE /* Combat.cpp in Sources */ = {isa = PBXBuildFile; fileRef = E69A6E211832076900D035AE /* Combat.cpp */; };
		E69A6E241832076900D035AE /* Combat.cpp in Sources */ = {isa = PBXBuildFile; fileRef = E69A6E211832076900D035AE /* Combat.cpp */; };
		E6CABFD918408F5600AF1B28 /* CombatAbilities.xml in CopyFiles */ = {isa = PBXBuildFile; fileRef = E6CABFD818408F5600AF1B28 /* CombatAbilities.xml */; };
		E6CABFDC18408F5F00AF1B28 /* CombatAbilities.xml in Resources */ = {isa = PBXBuildFile; fileRef = E6CABFD818408F5600AF1B28 /* CombatAbilities.xml */; };
/* End PBXBuildFile section */

/* Begin PBXContainerItemProxy section */
		E60E51D71804069C00181A26 /* PBXContainerItemProxy */ = {
			isa = PBXContainerItemProxy;
			containerPortal = E60E51AF1804069C00181A26 /* Project object */;
			proxyType = 1;
			remoteGlobalIDString = E60E51B61804069C00181A26;
			remoteInfo = UndeadRising;
		};
		E60E5250180409F500181A26 /* PBXContainerItemProxy */ = {
			isa = PBXContainerItemProxy;
			containerPortal = E60E524B180409F500181A26 /* Engine.xcodeproj */;
			proxyType = 2;
			remoteGlobalIDString = E63EA91417C69948006F1456;
			remoteInfo = Engine;
		};
		E60E5252180409F500181A26 /* PBXContainerItemProxy */ = {
			isa = PBXContainerItemProxy;
			containerPortal = E60E524B180409F500181A26 /* Engine.xcodeproj */;
			proxyType = 2;
			remoteGlobalIDString = E6D0BDBA17CE1F6500CAC564;
			remoteInfo = "Engine Mac";
		};
		E60E5254180409FF00181A26 /* PBXContainerItemProxy */ = {
			isa = PBXContainerItemProxy;
			containerPortal = E60E524B180409F500181A26 /* Engine.xcodeproj */;
			proxyType = 1;
			remoteGlobalIDString = E6D0BDB917CE1F6400CAC564;
			remoteInfo = "Engine Mac";
		};
		E65BD8571835983A00A51612 /* PBXContainerItemProxy */ = {
			isa = PBXContainerItemProxy;
			containerPortal = E6F3991D180E75A20077E733 /* Engine.xcodeproj */;
			proxyType = 1;
			remoteGlobalIDString = E63EA91317C69948006F1456;
			remoteInfo = Engine;
		};
		E6F39922180E75A20077E733 /* PBXContainerItemProxy */ = {
			isa = PBXContainerItemProxy;
			containerPortal = E6F3991D180E75A20077E733 /* Engine.xcodeproj */;
			proxyType = 2;
			remoteGlobalIDString = E63EA91417C69948006F1456;
			remoteInfo = Engine;
		};
		E6F39924180E75A20077E733 /* PBXContainerItemProxy */ = {
			isa = PBXContainerItemProxy;
			containerPortal = E6F3991D180E75A20077E733 /* Engine.xcodeproj */;
			proxyType = 2;
			remoteGlobalIDString = E6D0BDBA17CE1F6500CAC564;
			remoteInfo = "Engine Mac";
		};
/* End PBXContainerItemProxy section */

/* Begin PBXCopyFilesBuildPhase section */
		E60E5236180408EF00181A26 /* CopyFiles */ = {
			isa = PBXCopyFilesBuildPhase;
			buildActionMask = 12;
			dstPath = "";
			dstSubfolderSpec = 16;
			files = (
				E680ED64183DDFAA0091DDEB /* Arial.ttf in CopyFiles */,
				E680ED65183DDFAA0091DDEB /* Avatar0.png in CopyFiles */,
				E6CABFD918408F5600AF1B28 /* CombatAbilities.xml in CopyFiles */,
				E680ED66183DDFAA0091DDEB /* CombatScreen.xml in CopyFiles */,
				E680ED67183DDFAA0091DDEB /* Consolas.ttf in CopyFiles */,
				E680ED68183DDFAA0091DDEB /* Desert.png in CopyFiles */,
				E650D5F7184169C6008B2A5F /* wave0.png in CopyFiles */,
				E650D5F8184169C6008B2A5F /* wave1.png in CopyFiles */,
				E680ED69183DDFAA0091DDEB /* dialogue.png in CopyFiles */,
				E680ED6A183DDFAA0091DDEB /* Dialogue.xml in CopyFiles */,
				E680ED6B183DDFAA0091DDEB /* DialogueInterface.xml in CopyFiles */,
				E680ED6D183DDFAA0091DDEB /* Dirt.png in CopyFiles */,
				E680ED6E183DDFAA0091DDEB /* explosion.png in CopyFiles */,
				E680ED70183DDFAA0091DDEB /* Grass.png in CopyFiles */,
				E680ED72183DDFAA0091DDEB /* Rock.png in CopyFiles */,
				E680ED73183DDFAA0091DDEB /* scroll.png in CopyFiles */,
				E680ED74183DDFAA0091DDEB /* sketch.png in CopyFiles */,
				E680ED76183DDFAA0091DDEB /* Snow.png in CopyFiles */,
				E680ED77183DDFAA0091DDEB /* Terrain.frag in CopyFiles */,
				E680ED78183DDFAA0091DDEB /* Terrain.vert in CopyFiles */,
				E680ED7A183DDFAA0091DDEB /* Water.png in CopyFiles */,
			);
			runOnlyForDeploymentPostprocessing = 0;
		};
/* End PBXCopyFilesBuildPhase section */

/* Begin PBXFileReference section */
		E60E51B71804069C00181A26 /* UndeadRising.app */ = {isa = PBXFileReference; explicitFileType = wrapper.application; includeInIndex = 0; path = UndeadRising.app; sourceTree = BUILT_PRODUCTS_DIR; };
		E60E51BA1804069C00181A26 /* Foundation.framework */ = {isa = PBXFileReference; lastKnownFileType = wrapper.framework; name = Foundation.framework; path = System/Library/Frameworks/Foundation.framework; sourceTree = SDKROOT; };
		E60E51BC1804069C00181A26 /* CoreGraphics.framework */ = {isa = PBXFileReference; lastKnownFileType = wrapper.framework; name = CoreGraphics.framework; path = System/Library/Frameworks/CoreGraphics.framework; sourceTree = SDKROOT; };
		E60E51BE1804069C00181A26 /* UIKit.framework */ = {isa = PBXFileReference; lastKnownFileType = wrapper.framework; name = UIKit.framework; path = System/Library/Frameworks/UIKit.framework; sourceTree = SDKROOT; };
		E60E51C21804069C00181A26 /* UndeadRising-Info.plist */ = {isa = PBXFileReference; lastKnownFileType = text.plist.xml; path = "UndeadRising-Info.plist"; sourceTree = "<group>"; };
		E60E51C41804069C00181A26 /* en */ = {isa = PBXFileReference; lastKnownFileType = text.plist.strings; name = en; path = en.lproj/InfoPlist.strings; sourceTree = "<group>"; };
		E60E51C81804069C00181A26 /* UndeadRising-Prefix.pch */ = {isa = PBXFileReference; lastKnownFileType = sourcecode.c.h; path = "UndeadRising-Prefix.pch"; sourceTree = "<group>"; };
		E60E51D21804069C00181A26 /* UndeadRisingTests.xctest */ = {isa = PBXFileReference; explicitFileType = wrapper.cfbundle; includeInIndex = 0; path = UndeadRisingTests.xctest; sourceTree = BUILT_PRODUCTS_DIR; };
		E60E51DB1804069C00181A26 /* UndeadRisingTests-Info.plist */ = {isa = PBXFileReference; lastKnownFileType = text.plist.xml; path = "UndeadRisingTests-Info.plist"; sourceTree = "<group>"; };
		E60E51DD1804069C00181A26 /* en */ = {isa = PBXFileReference; lastKnownFileType = text.plist.strings; name = en; path = en.lproj/InfoPlist.strings; sourceTree = "<group>"; };
		E60E51DF1804069C00181A26 /* UndeadRisingTests.m */ = {isa = PBXFileReference; lastKnownFileType = sourcecode.c.objc; path = UndeadRisingTests.m; sourceTree = "<group>"; };
		E60E5238180408EF00181A26 /* UndeadRising Mac */ = {isa = PBXFileReference; explicitFileType = "compiled.mach-o.executable"; includeInIndex = 0; path = "UndeadRising Mac"; sourceTree = BUILT_PRODUCTS_DIR; };
		E60E52471804098900181A26 /* Main.cpp */ = {isa = PBXFileReference; fileEncoding = 4; lastKnownFileType = sourcecode.cpp.cpp; path = Main.cpp; sourceTree = "<group>"; };
		E60E52481804098900181A26 /* Main.h */ = {isa = PBXFileReference; fileEncoding = 4; lastKnownFileType = sourcecode.c.h; path = Main.h; sourceTree = "<group>"; };
		E60E524B180409F500181A26 /* Engine.xcodeproj */ = {isa = PBXFileReference; lastKnownFileType = "wrapper.pb-project"; name = Engine.xcodeproj; path = ../../../LunaEngine/Projects/iOS/Engine.xcodeproj; sourceTree = "<group>"; };
		E60E525918040AE300181A26 /* OpenGL.framework */ = {isa = PBXFileReference; lastKnownFileType = wrapper.framework; name = OpenGL.framework; path = Platforms/MacOSX.platform/Developer/SDKs/MacOSX10.8.sdk/System/Library/Frameworks/OpenGL.framework; sourceTree = DEVELOPER_DIR; };
		E60E525B18040AE700181A26 /* IOKit.framework */ = {isa = PBXFileReference; lastKnownFileType = wrapper.framework; name = IOKit.framework; path = Platforms/MacOSX.platform/Developer/SDKs/MacOSX10.8.sdk/System/Library/Frameworks/IOKit.framework; sourceTree = DEVELOPER_DIR; };
		E60E525D18040AF300181A26 /* libz.dylib */ = {isa = PBXFileReference; lastKnownFileType = "compiled.mach-o.dylib"; name = libz.dylib; path = Platforms/MacOSX.platform/Developer/SDKs/MacOSX10.8.sdk/usr/lib/libz.dylib; sourceTree = DEVELOPER_DIR; };
		E60E525F18040AFB00181A26 /* Cocoa.framework */ = {isa = PBXFileReference; lastKnownFileType = wrapper.framework; name = Cocoa.framework; path = Platforms/MacOSX.platform/Developer/SDKs/MacOSX10.8.sdk/System/Library/Frameworks/Cocoa.framework; sourceTree = DEVELOPER_DIR; };
		E60E526118040B0400181A26 /* libangelscript.a */ = {isa = PBXFileReference; lastKnownFileType = archive.ar; name = libangelscript.a; path = ../../../LunaEngine/Engine/Externals/AngelScript/iOS/OSX/libangelscript.a; sourceTree = "<group>"; };
		E650D5F5184169C6008B2A5F /* wave0.png */ = {isa = PBXFileReference; lastKnownFileType = image.png; path = wave0.png; sourceTree = "<group>"; };
		E650D5F6184169C6008B2A5F /* wave1.png */ = {isa = PBXFileReference; lastKnownFileType = image.png; path = wave1.png; sourceTree = "<group>"; };
		E65BD8531835981E00A51612 /* CoreGraphics.framework */ = {isa = PBXFileReference; lastKnownFileType = wrapper.framework; name = CoreGraphics.framework; path = Platforms/MacOSX.platform/Developer/SDKs/MacOSX10.9.sdk/System/Library/Frameworks/CoreGraphics.framework; sourceTree = DEVELOPER_DIR; };
		E65BD8551835983300A51612 /* OpenGLES.framework */ = {isa = PBXFileReference; lastKnownFileType = wrapper.framework; name = OpenGLES.framework; path = System/Library/Frameworks/OpenGLES.framework; sourceTree = SDKROOT; };
		E65BD8591835984800A51612 /* libz.dylib */ = {isa = PBXFileReference; lastKnownFileType = "compiled.mach-o.dylib"; name = libz.dylib; path = usr/lib/libz.dylib; sourceTree = SDKROOT; };
		E65BD85B1835985000A51612 /* QuartzCore.framework */ = {isa = PBXFileReference; lastKnownFileType = wrapper.framework; name = QuartzCore.framework; path = System/Library/Frameworks/QuartzCore.framework; sourceTree = SDKROOT; };
		E65BD85D1835986100A51612 /* libfreetype.a */ = {isa = PBXFileReference; lastKnownFileType = archive.ar; name = libfreetype.a; path = ../../../LunaEngine/Engine/Externals/freetype2/libfreetype.a; sourceTree = "<group>"; };
		E65BD85F1835986900A51612 /* libangelscript.a */ = {isa = PBXFileReference; lastKnownFileType = archive.ar; name = libangelscript.a; path = "../../../../Library/Developer/Xcode/DerivedData/angelscript-esvhdojcldbyopdjdxbevxsvovbi/Build/Products/Release-iphoneos/libangelscript.a"; sourceTree = "<group>"; };
		E67326DC1820FB4C004B1FFB /* IslandData.cpp */ = {isa = PBXFileReference; fileEncoding = 4; lastKnownFileType = sourcecode.cpp.cpp; path = IslandData.cpp; sourceTree = "<group>"; };
		E67326DD1820FB4C004B1FFB /* IslandData.h */ = {isa = PBXFileReference; fileEncoding = 4; lastKnownFileType = sourcecode.c.h; path = IslandData.h; sourceTree = "<group>"; };
		E680ED25183DDD600091DDEB /* InteractableComponent.cpp */ = {isa = PBXFileReference; fileEncoding = 4; lastKnownFileType = sourcecode.cpp.cpp; path = InteractableComponent.cpp; sourceTree = "<group>"; };
		E680ED26183DDD600091DDEB /* InteractableComponent.h */ = {isa = PBXFileReference; fileEncoding = 4; lastKnownFileType = sourcecode.c.h; path = InteractableComponent.h; sourceTree = "<group>"; };
		E680ED27183DDD600091DDEB /* TalkerComponent.cpp */ = {isa = PBXFileReference; fileEncoding = 4; lastKnownFileType = sourcecode.cpp.cpp; path = TalkerComponent.cpp; sourceTree = "<group>"; };
		E680ED28183DDD600091DDEB /* TalkerComponent.h */ = {isa = PBXFileReference; fileEncoding = 4; lastKnownFileType = sourcecode.c.h; path = TalkerComponent.h; sourceTree = "<group>"; };
		E680ED4C183DDFA90091DDEB /* Arial.ttf */ = {isa = PBXFileReference; lastKnownFileType = file; path = Arial.ttf; sourceTree = "<group>"; };
		E680ED4D183DDFA90091DDEB /* Avatar0.png */ = {isa = PBXFileReference; lastKnownFileType = image.png; path = Avatar0.png; sourceTree = "<group>"; };
		E680ED4E183DDFA90091DDEB /* CombatScreen.xml */ = {isa = PBXFileReference; lastKnownFileType = text.xml; path = CombatScreen.xml; sourceTree = "<group>"; };
		E680ED4F183DDFA90091DDEB /* Consolas.ttf */ = {isa = PBXFileReference; lastKnownFileType = file; path = Consolas.ttf; sourceTree = "<group>"; };
		E680ED50183DDFA90091DDEB /* Desert.png */ = {isa = PBXFileReference; lastKnownFileType = image.png; path = Desert.png; sourceTree = "<group>"; };
		E680ED51183DDFA90091DDEB /* dialogue.png */ = {isa = PBXFileReference; lastKnownFileType = image.png; path = dialogue.png; sourceTree = "<group>"; };
		E680ED52183DDFA90091DDEB /* Dialogue.xml */ = {isa = PBXFileReference; lastKnownFileType = text.xml; path = Dialogue.xml; sourceTree = "<group>"; };
		E680ED53183DDFA90091DDEB /* DialogueInterface.xml */ = {isa = PBXFileReference; lastKnownFileType = text.xml; path = DialogueInterface.xml; sourceTree = "<group>"; };
		E680ED55183DDFA90091DDEB /* Dirt.png */ = {isa = PBXFileReference; lastKnownFileType = image.png; path = Dirt.png; sourceTree = "<group>"; };
		E680ED56183DDFA90091DDEB /* explosion.png */ = {isa = PBXFileReference; lastKnownFileType = image.png; path = explosion.png; sourceTree = "<group>"; };
		E680ED58183DDFAA0091DDEB /* Grass.png */ = {isa = PBXFileReference; lastKnownFileType = image.png; path = Grass.png; sourceTree = "<group>"; };
		E680ED5A183DDFAA0091DDEB /* Rock.png */ = {isa = PBXFileReference; lastKnownFileType = image.png; path = Rock.png; sourceTree = "<group>"; };
		E680ED5B183DDFAA0091DDEB /* scroll.png */ = {isa = PBXFileReference; lastKnownFileType = image.png; path = scroll.png; sourceTree = "<group>"; };
		E680ED5C183DDFAA0091DDEB /* sketch.png */ = {isa = PBXFileReference; lastKnownFileType = image.png; path = sketch.png; sourceTree = "<group>"; };
		E680ED5E183DDFAA0091DDEB /* Snow.png */ = {isa = PBXFileReference; lastKnownFileType = image.png; path = Snow.png; sourceTree = "<group>"; };
		E680ED5F183DDFAA0091DDEB /* Terrain.frag */ = {isa = PBXFileReference; lastKnownFileType = sourcecode.glsl; path = Terrain.frag; sourceTree = "<group>"; };
		E680ED60183DDFAA0091DDEB /* Terrain.vert */ = {isa = PBXFileReference; lastKnownFileType = sourcecode.glsl; path = Terrain.vert; sourceTree = "<group>"; };
		E680ED62183DDFAA0091DDEB /* Water.png */ = {isa = PBXFileReference; lastKnownFileType = image.png; path = Water.png; sourceTree = "<group>"; };
		E68E1F8C1821A69300D0F5E7 /* GameProcess.cpp */ = {isa = PBXFileReference; fileEncoding = 4; lastKnownFileType = sourcecode.cpp.cpp; path = GameProcess.cpp; sourceTree = "<group>"; };
		E68E1F8D1821A69300D0F5E7 /* GameProcess.h */ = {isa = PBXFileReference; fileEncoding = 4; lastKnownFileType = sourcecode.c.h; path = GameProcess.h; sourceTree = "<group>"; };
		E68E1F901821B0E900D0F5E7 /* StateMachineComponent.cpp */ = {isa = PBXFileReference; fileEncoding = 4; lastKnownFileType = sourcecode.cpp.cpp; path = StateMachineComponent.cpp; sourceTree = "<group>"; };
		E68E1F911821B0E900D0F5E7 /* StateMachineComponent.h */ = {isa = PBXFileReference; fileEncoding = 4; lastKnownFileType = sourcecode.c.h; path = StateMachineComponent.h; sourceTree = "<group>"; };
		E68E1F941821B32E00D0F5E7 /* SteeringComponent.cpp */ = {isa = PBXFileReference; fileEncoding = 4; lastKnownFileType = sourcecode.cpp.cpp; path = SteeringComponent.cpp; sourceTree = "<group>"; };
		E68E1F951821B32E00D0F5E7 /* SteeringComponent.h */ = {isa = PBXFileReference; fileEncoding = 4; lastKnownFileType = sourcecode.c.h; path = SteeringComponent.h; sourceTree = "<group>"; };
		E69A6E1118317FAF00D035AE /* CombatProcess.cpp */ = {isa = PBXFileReference; fileEncoding = 4; lastKnownFileType = sourcecode.cpp.cpp; path = CombatProcess.cpp; sourceTree = "<group>"; };
		E69A6E1218317FAF00D035AE /* CombatProcess.h */ = {isa = PBXFileReference; fileEncoding = 4; lastKnownFileType = sourcecode.c.h; path = CombatProcess.h; sourceTree = "<group>"; };
		E69A6E15183183F700D035AE /* CharacterAttributes.cpp */ = {isa = PBXFileReference; fileEncoding = 4; lastKnownFileType = sourcecode.cpp.cpp; path = CharacterAttributes.cpp; sourceTree = "<group>"; };
		E69A6E16183183F700D035AE /* CharacterAttributes.h */ = {isa = PBXFileReference; fileEncoding = 4; lastKnownFileType = sourcecode.c.h; path = CharacterAttributes.h; sourceTree = "<group>"; };
		E69A6E19183184EB00D035AE /* Character.cpp */ = {isa = PBXFileReference; fileEncoding = 4; lastKnownFileType = sourcecode.cpp.cpp; path = Character.cpp; sourceTree = "<group>"; };
		E69A6E1A183184EB00D035AE /* Character.h */ = {isa = PBXFileReference; fileEncoding = 4; lastKnownFileType = sourcecode.c.h; path = Character.h; sourceTree = "<group>"; };
		E69A6E1D1832042800D035AE /* CombatAbility.cpp */ = {isa = PBXFileReference; fileEncoding = 4; lastKnownFileType = sourcecode.cpp.cpp; path = CombatAbility.cpp; sourceTree = "<group>"; };
		E69A6E1E1832042800D035AE /* CombatAbility.h */ = {isa = PBXFileReference; fileEncoding = 4; lastKnownFileType = sourcecode.c.h; path = CombatAbility.h; sourceTree = "<group>"; };
		E69A6E211832076900D035AE /* Combat.cpp */ = {isa = PBXFileReference; fileEncoding = 4; lastKnownFileType = sourcecode.cpp.cpp; path = Combat.cpp; sourceTree = "<group>"; };
		E69A6E221832076900D035AE /* Combat.h */ = {isa = PBXFileReference; fileEncoding = 4; lastKnownFileType = sourcecode.c.h; path = Combat.h; sourceTree = "<group>"; };
		E6CABFD818408F5600AF1B28 /* CombatAbilities.xml */ = {isa = PBXFileReference; lastKnownFileType = text.xml; path = CombatAbilities.xml; sourceTree = "<group>"; };
		E6F3991D180E75A20077E733 /* Engine.xcodeproj */ = {isa = PBXFileReference; lastKnownFileType = "wrapper.pb-project"; name = Engine.xcodeproj; path = ../../../LunaEngine/Projects/iOS/Engine.xcodeproj; sourceTree = "<group>"; };
/* End PBXFileReference section */

/* Begin PBXFrameworksBuildPhase section */
		E60E51B41804069C00181A26 /* Frameworks */ = {
			isa = PBXFrameworksBuildPhase;
			buildActionMask = 2147483647;
			files = (
				E60E51BF1804069C00181A26 /* UIKit.framework in Frameworks */,
				E65BD85C1835985000A51612 /* QuartzCore.framework in Frameworks */,
				E65BD85A1835984800A51612 /* libz.dylib in Frameworks */,
				E65BD8561835983300A51612 /* OpenGLES.framework in Frameworks */,
				E65BD8601835986900A51612 /* libangelscript.a in Frameworks */,
				E65BD85E1835986100A51612 /* libfreetype.a in Frameworks */,
				E60E51BD1804069C00181A26 /* CoreGraphics.framework in Frameworks */,
				E60E51BB1804069C00181A26 /* Foundation.framework in Frameworks */,
			);
			runOnlyForDeploymentPostprocessing = 0;
		};
		E60E51CF1804069C00181A26 /* Frameworks */ = {
			isa = PBXFrameworksBuildPhase;
			buildActionMask = 2147483647;
			files = (
				E60E51D61804069C00181A26 /* UIKit.framework in Frameworks */,
				E60E51D51804069C00181A26 /* Foundation.framework in Frameworks */,
			);
			runOnlyForDeploymentPostprocessing = 0;
		};
		E60E5235180408EF00181A26 /* Frameworks */ = {
			isa = PBXFrameworksBuildPhase;
			buildActionMask = 2147483647;
			files = (
				E60E526218040B0400181A26 /* libangelscript.a in Frameworks */,
				E60E526018040AFB00181A26 /* Cocoa.framework in Frameworks */,
				E60E525E18040AF300181A26 /* libz.dylib in Frameworks */,
				E60E525C18040AE700181A26 /* IOKit.framework in Frameworks */,
				E60E525A18040AE300181A26 /* OpenGL.framework in Frameworks */,
				E60E525618040A0300181A26 /* libEngine Mac.a in Frameworks */,
			);
			runOnlyForDeploymentPostprocessing = 0;
		};
/* End PBXFrameworksBuildPhase section */

/* Begin PBXGroup section */
		E60E51AE1804069C00181A26 = {
			isa = PBXGroup;
			children = (
				E6F3991D180E75A20077E733 /* Engine.xcodeproj */,
				E67B8367180990B600BA2394 /* Assets */,
				E60E52461804098900181A26 /* Source */,
				E60E51C01804069C00181A26 /* UndeadRising */,
				E60E51D91804069C00181A26 /* UndeadRisingTests */,
				E60E51B91804069C00181A26 /* Frameworks */,
				E60E51B81804069C00181A26 /* Products */,
			);
			sourceTree = "<group>";
		};
		E60E51B81804069C00181A26 /* Products */ = {
			isa = PBXGroup;
			children = (
				E60E51B71804069C00181A26 /* UndeadRising.app */,
				E60E51D21804069C00181A26 /* UndeadRisingTests.xctest */,
				E60E5238180408EF00181A26 /* UndeadRising Mac */,
			);
			name = Products;
			sourceTree = "<group>";
		};
		E60E51B91804069C00181A26 /* Frameworks */ = {
			isa = PBXGroup;
			children = (
				E65BD85F1835986900A51612 /* libangelscript.a */,
				E65BD85D1835986100A51612 /* libfreetype.a */,
				E65BD85B1835985000A51612 /* QuartzCore.framework */,
				E65BD8591835984800A51612 /* libz.dylib */,
				E65BD8551835983300A51612 /* OpenGLES.framework */,
				E65BD8531835981E00A51612 /* CoreGraphics.framework */,
				E60E526118040B0400181A26 /* libangelscript.a */,
				E60E525F18040AFB00181A26 /* Cocoa.framework */,
				E60E525D18040AF300181A26 /* libz.dylib */,
				E60E525B18040AE700181A26 /* IOKit.framework */,
				E60E525918040AE300181A26 /* OpenGL.framework */,
				E60E524B180409F500181A26 /* Engine.xcodeproj */,
				E60E51BA1804069C00181A26 /* Foundation.framework */,
				E60E51BC1804069C00181A26 /* CoreGraphics.framework */,
				E60E51BE1804069C00181A26 /* UIKit.framework */,
			);
			name = Frameworks;
			sourceTree = "<group>";
		};
		E60E51C01804069C00181A26 /* UndeadRising */ = {
			isa = PBXGroup;
			children = (
				E60E51C11804069C00181A26 /* Supporting Files */,
			);
			path = UndeadRising;
			sourceTree = "<group>";
		};
		E60E51C11804069C00181A26 /* Supporting Files */ = {
			isa = PBXGroup;
			children = (
				E60E51C21804069C00181A26 /* UndeadRising-Info.plist */,
				E60E51C31804069C00181A26 /* InfoPlist.strings */,
				E60E51C81804069C00181A26 /* UndeadRising-Prefix.pch */,
			);
			name = "Supporting Files";
			sourceTree = "<group>";
		};
		E60E51D91804069C00181A26 /* UndeadRisingTests */ = {
			isa = PBXGroup;
			children = (
				E60E51DF1804069C00181A26 /* UndeadRisingTests.m */,
				E60E51DA1804069C00181A26 /* Supporting Files */,
			);
			path = UndeadRisingTests;
			sourceTree = "<group>";
		};
		E60E51DA1804069C00181A26 /* Supporting Files */ = {
			isa = PBXGroup;
			children = (
				E60E51DB1804069C00181A26 /* UndeadRisingTests-Info.plist */,
				E60E51DC1804069C00181A26 /* InfoPlist.strings */,
			);
			name = "Supporting Files";
			sourceTree = "<group>";
		};
		E60E52461804098900181A26 /* Source */ = {
			isa = PBXGroup;
			children = (
				E69A6E0D18317F9800D035AE /* Combat */,
				E680ED25183DDD600091DDEB /* InteractableComponent.cpp */,
				E680ED26183DDD600091DDEB /* InteractableComponent.h */,
				E680ED27183DDD600091DDEB /* TalkerComponent.cpp */,
				E680ED28183DDD600091DDEB /* TalkerComponent.h */,
				E60E52471804098900181A26 /* Main.cpp */,
				E60E52481804098900181A26 /* Main.h */,
				E67326DC1820FB4C004B1FFB /* IslandData.cpp */,
				E67326DD1820FB4C004B1FFB /* IslandData.h */,
				E68E1F8C1821A69300D0F5E7 /* GameProcess.cpp */,
				E68E1F8D1821A69300D0F5E7 /* GameProcess.h */,
				E68E1F901821B0E900D0F5E7 /* StateMachineComponent.cpp */,
				E68E1F911821B0E900D0F5E7 /* StateMachineComponent.h */,
				E68E1F941821B32E00D0F5E7 /* SteeringComponent.cpp */,
				E68E1F951821B32E00D0F5E7 /* SteeringComponent.h */,
			);
			name = Source;
			path = ../../Source;
			sourceTree = "<group>";
		};
		E60E524C180409F500181A26 /* Products */ = {
			isa = PBXGroup;
			children = (
				E60E5251180409F500181A26 /* libEngine.a */,
				E60E5253180409F500181A26 /* libEngine Mac.a */,
			);
			name = Products;
			sourceTree = "<group>";
		};
		E67B8367180990B600BA2394 /* Assets */ = {
			isa = PBXGroup;
			children = (
				E650D5F5184169C6008B2A5F /* wave0.png */,
				E650D5F6184169C6008B2A5F /* wave1.png */,
				E6CABFD818408F5600AF1B28 /* CombatAbilities.xml */,
				E680ED4C183DDFA90091DDEB /* Arial.ttf */,
				E680ED4D183DDFA90091DDEB /* Avatar0.png */,
				E680ED4E183DDFA90091DDEB /* CombatScreen.xml */,
				E680ED4F183DDFA90091DDEB /* Consolas.ttf */,
				E680ED50183DDFA90091DDEB /* Desert.png */,
				E680ED51183DDFA90091DDEB /* dialogue.png */,
				E680ED52183DDFA90091DDEB /* Dialogue.xml */,
				E680ED53183DDFA90091DDEB /* DialogueInterface.xml */,
				E680ED55183DDFA90091DDEB /* Dirt.png */,
				E680ED56183DDFA90091DDEB /* explosion.png */,
				E680ED58183DDFAA0091DDEB /* Grass.png */,
				E680ED5A183DDFAA0091DDEB /* Rock.png */,
				E680ED5B183DDFAA0091DDEB /* scroll.png */,
				E680ED5C183DDFAA0091DDEB /* sketch.png */,
				E680ED5E183DDFAA0091DDEB /* Snow.png */,
				E680ED5F183DDFAA0091DDEB /* Terrain.frag */,
				E680ED60183DDFAA0091DDEB /* Terrain.vert */,
				E680ED62183DDFAA0091DDEB /* Water.png */,
			);
			name = Assets;
			path = ../../Bin/Assets;
			sourceTree = "<group>";
		};
		E69A6E0D18317F9800D035AE /* Combat */ = {
			isa = PBXGroup;
			children = (
				E69A6E1118317FAF00D035AE /* CombatProcess.cpp */,
				E69A6E1218317FAF00D035AE /* CombatProcess.h */,
				E69A6E15183183F700D035AE /* CharacterAttributes.cpp */,
				E69A6E16183183F700D035AE /* CharacterAttributes.h */,
				E69A6E19183184EB00D035AE /* Character.cpp */,
				E69A6E1A183184EB00D035AE /* Character.h */,
				E69A6E1D1832042800D035AE /* CombatAbility.cpp */,
				E69A6E1E1832042800D035AE /* CombatAbility.h */,
				E69A6E211832076900D035AE /* Combat.cpp */,
				E69A6E221832076900D035AE /* Combat.h */,
			);
			name = Combat;
			sourceTree = "<group>";
		};
		E6F3991E180E75A20077E733 /* Products */ = {
			isa = PBXGroup;
			children = (
				E6F39923180E75A20077E733 /* libEngine.a */,
				E6F39925180E75A20077E733 /* libEngine Mac.a */,
			);
			name = Products;
			sourceTree = "<group>";
		};
/* End PBXGroup section */

/* Begin PBXNativeTarget section */
		E60E51B61804069C00181A26 /* UndeadRising */ = {
			isa = PBXNativeTarget;
			buildConfigurationList = E60E51E31804069C00181A26 /* Build configuration list for PBXNativeTarget "UndeadRising" */;
			buildPhases = (
				E60E51B31804069C00181A26 /* Sources */,
				E60E51B41804069C00181A26 /* Frameworks */,
				E60E51B51804069C00181A26 /* Resources */,
			);
			buildRules = (
			);
			dependencies = (
				E65BD8581835983A00A51612 /* PBXTargetDependency */,
			);
			name = UndeadRising;
			productName = UndeadRising;
			productReference = E60E51B71804069C00181A26 /* UndeadRising.app */;
			productType = "com.apple.product-type.application";
		};
		E60E51D11804069C00181A26 /* UndeadRisingTests */ = {
			isa = PBXNativeTarget;
			buildConfigurationList = E60E51E61804069C00181A26 /* Build configuration list for PBXNativeTarget "UndeadRisingTests" */;
			buildPhases = (
				E60E51CE1804069C00181A26 /* Sources */,
				E60E51CF1804069C00181A26 /* Frameworks */,
				E60E51D01804069C00181A26 /* Resources */,
			);
			buildRules = (
			);
			dependencies = (
				E60E51D81804069C00181A26 /* PBXTargetDependency */,
			);
			name = UndeadRisingTests;
			productName = UndeadRisingTests;
			productReference = E60E51D21804069C00181A26 /* UndeadRisingTests.xctest */;
			productType = "com.apple.product-type.bundle.unit-test";
		};
		E60E5237180408EF00181A26 /* UndeadRising Mac */ = {
			isa = PBXNativeTarget;
			buildConfigurationList = E60E523E180408F000181A26 /* Build configuration list for PBXNativeTarget "UndeadRising Mac" */;
			buildPhases = (
				E60E5234180408EF00181A26 /* Sources */,
				E60E5235180408EF00181A26 /* Frameworks */,
				E60E5236180408EF00181A26 /* CopyFiles */,
			);
			buildRules = (
			);
			dependencies = (
				E60E5255180409FF00181A26 /* PBXTargetDependency */,
			);
			name = "UndeadRising Mac";
			productName = "UndeadRising Mac";
			productReference = E60E5238180408EF00181A26 /* UndeadRising Mac */;
			productType = "com.apple.product-type.tool";
		};
/* End PBXNativeTarget section */

/* Begin PBXProject section */
		E60E51AF1804069C00181A26 /* Project object */ = {
			isa = PBXProject;
			attributes = {
				LastUpgradeCheck = 0500;
				ORGANIZATIONNAME = LunaEngine;
				TargetAttributes = {
					E60E51D11804069C00181A26 = {
						TestTargetID = E60E51B61804069C00181A26;
					};
				};
			};
			buildConfigurationList = E60E51B21804069C00181A26 /* Build configuration list for PBXProject "UndeadRising" */;
			compatibilityVersion = "Xcode 3.2";
			developmentRegion = English;
			hasScannedForEncodings = 0;
			knownRegions = (
				en,
				Base,
			);
			mainGroup = E60E51AE1804069C00181A26;
			productRefGroup = E60E51B81804069C00181A26 /* Products */;
			projectDirPath = "";
			projectReferences = (
				{
					ProductGroup = E6F3991E180E75A20077E733 /* Products */;
					ProjectRef = E6F3991D180E75A20077E733 /* Engine.xcodeproj */;
				},
				{
					ProductGroup = E60E524C180409F500181A26 /* Products */;
					ProjectRef = E60E524B180409F500181A26 /* Engine.xcodeproj */;
				},
			);
			projectRoot = "";
			targets = (
				E60E51B61804069C00181A26 /* UndeadRising */,
				E60E51D11804069C00181A26 /* UndeadRisingTests */,
				E60E5237180408EF00181A26 /* UndeadRising Mac */,
			);
		};
/* End PBXProject section */

/* Begin PBXReferenceProxy section */
		E60E5251180409F500181A26 /* libEngine.a */ = {
			isa = PBXReferenceProxy;
			fileType = archive.ar;
			path = libEngine.a;
			remoteRef = E60E5250180409F500181A26 /* PBXContainerItemProxy */;
			sourceTree = BUILT_PRODUCTS_DIR;
		};
		E60E5253180409F500181A26 /* libEngine Mac.a */ = {
			isa = PBXReferenceProxy;
			fileType = archive.ar;
			path = "libEngine Mac.a";
			remoteRef = E60E5252180409F500181A26 /* PBXContainerItemProxy */;
			sourceTree = BUILT_PRODUCTS_DIR;
		};
		E6F39923180E75A20077E733 /* libEngine.a */ = {
			isa = PBXReferenceProxy;
			fileType = archive.ar;
			path = libEngine.a;
			remoteRef = E6F39922180E75A20077E733 /* PBXContainerItemProxy */;
			sourceTree = BUILT_PRODUCTS_DIR;
		};
		E6F39925180E75A20077E733 /* libEngine Mac.a */ = {
			isa = PBXReferenceProxy;
			fileType = archive.ar;
			path = "libEngine Mac.a";
			remoteRef = E6F39924180E75A20077E733 /* PBXContainerItemProxy */;
			sourceTree = BUILT_PRODUCTS_DIR;
		};
/* End PBXReferenceProxy section */

/* Begin PBXResourcesBuildPhase section */
		E60E51B51804069C00181A26 /* Resources */ = {
			isa = PBXResourcesBuildPhase;
			buildActionMask = 2147483647;
			files = (
				E680ED7E183DE0BE0091DDEB /* Consolas.ttf in Resources */,
				E680ED8C183DE0BE0091DDEB /* Water.png in Resources */,
				E680ED88183DE0BE0091DDEB /* sketch.png in Resources */,
				E680ED89183DE0BE0091DDEB /* Snow.png in Resources */,
				E650D5FC184169E3008B2A5F /* wave1.png in Resources */,
				E680ED7B183DE0BE0091DDEB /* Arial.ttf in Resources */,
				E680ED83183DE0BE0091DDEB /* Dirt.png in Resources */,
				E680ED7D183DE0BE0091DDEB /* CombatScreen.xml in Resources */,
				E680ED87183DE0BE0091DDEB /* scroll.png in Resources */,
				E680ED86183DE0BE0091DDEB /* Rock.png in Resources */,
				E680ED85183DE0BE0091DDEB /* Grass.png in Resources */,
				E6CABFDC18408F5F00AF1B28 /* CombatAbilities.xml in Resources */,
				E680ED7C183DE0BE0091DDEB /* Avatar0.png in Resources */,
				E680ED82183DE0BE0091DDEB /* DialogueInterface.xml in Resources */,
				E650D5FB184169E3008B2A5F /* wave0.png in Resources */,
				E680ED7F183DE0BE0091DDEB /* Desert.png in Resources */,
				E680ED81183DE0BE0091DDEB /* Dialogue.xml in Resources */,
				E60E51C51804069C00181A26 /* InfoPlist.strings in Resources */,
				E680ED80183DE0BE0091DDEB /* dialogue.png in Resources */,
				E680ED84183DE0BE0091DDEB /* explosion.png in Resources */,
			);
			runOnlyForDeploymentPostprocessing = 0;
		};
		E60E51D01804069C00181A26 /* Resources */ = {
			isa = PBXResourcesBuildPhase;
			buildActionMask = 2147483647;
			files = (
				E60E51DE1804069C00181A26 /* InfoPlist.strings in Resources */,
			);
			runOnlyForDeploymentPostprocessing = 0;
		};
/* End PBXResourcesBuildPhase section */

/* Begin PBXSourcesBuildPhase section */
		E60E51B31804069C00181A26 /* Sources */ = {
			isa = PBXSourcesBuildPhase;
			buildActionMask = 2147483647;
			files = (
				E67326DE1820FB4C004B1FFB /* IslandData.cpp in Sources */,
				E68E1F8E1821A69300D0F5E7 /* GameProcess.cpp in Sources */,
				E69A6E1F1832042800D035AE /* CombatAbility.cpp in Sources */,
				E69A6E231832076900D035AE /* Combat.cpp in Sources */,
				E60E52491804098900181A26 /* Main.cpp in Sources */,
				E69A6E1B183184EB00D035AE /* Character.cpp in Sources */,
				E680ED2B183DDD600091DDEB /* TalkerComponent.cpp in Sources */,
				E68E1F961821B32E00D0F5E7 /* SteeringComponent.cpp in Sources */,
				E680ED29183DDD600091DDEB /* InteractableComponent.cpp in Sources */,
				E680ED8A183DE0BE0091DDEB /* Terrain.frag in Sources */,
				E68E1F921821B0E900D0F5E7 /* StateMachineComponent.cpp in Sources */,
				E69A6E17183183F700D035AE /* CharacterAttributes.cpp in Sources */,
				E680ED8B183DE0BE0091DDEB /* Terrain.vert in Sources */,
				E69A6E1318317FAF00D035AE /* CombatProcess.cpp in Sources */,
			);
			runOnlyForDeploymentPostprocessing = 0;
		};
		E60E51CE1804069C00181A26 /* Sources */ = {
			isa = PBXSourcesBuildPhase;
			buildActionMask = 2147483647;
			files = (
				E67326DF1820FB4C004B1FFB /* IslandData.cpp in Sources */,
				E60E51E01804069C00181A26 /* UndeadRisingTests.m in Sources */,
			);
			runOnlyForDeploymentPostprocessing = 0;
		};
		E60E5234180408EF00181A26 /* Sources */ = {
			isa = PBXSourcesBuildPhase;
			buildActionMask = 2147483647;
			files = (
				E67326E01820FB4C004B1FFB /* IslandData.cpp in Sources */,
				E68E1F8F1821A69300D0F5E7 /* GameProcess.cpp in Sources */,
				E69A6E201832042800D035AE /* CombatAbility.cpp in Sources */,
				E69A6E241832076900D035AE /* Combat.cpp in Sources */,
				E60E524A1804098900181A26 /* Main.cpp in Sources */,
				E69A6E1C183184EB00D035AE /* Character.cpp in Sources */,
				E680ED2C183DDD600091DDEB /* TalkerComponent.cpp in Sources */,
				E68E1F971821B32E00D0F5E7 /* SteeringComponent.cpp in Sources */,
				E680ED2A183DDD600091DDEB /* InteractableComponent.cpp in Sources */,
				E68E1F931821B0E900D0F5E7 /* StateMachineComponent.cpp in Sources */,
				E69A6E18183183F700D035AE /* CharacterAttributes.cpp in Sources */,
				E69A6E1418317FAF00D035AE /* CombatProcess.cpp in Sources */,
			);
			runOnlyForDeploymentPostprocessing = 0;
		};
/* End PBXSourcesBuildPhase section */

/* Begin PBXTargetDependency section */
		E60E51D81804069C00181A26 /* PBXTargetDependency */ = {
			isa = PBXTargetDependency;
			target = E60E51B61804069C00181A26 /* UndeadRising */;
			targetProxy = E60E51D71804069C00181A26 /* PBXContainerItemProxy */;
		};
		E60E5255180409FF00181A26 /* PBXTargetDependency */ = {
			isa = PBXTargetDependency;
			name = "Engine Mac";
			targetProxy = E60E5254180409FF00181A26 /* PBXContainerItemProxy */;
		};
		E65BD8581835983A00A51612 /* PBXTargetDependency */ = {
			isa = PBXTargetDependency;
			name = Engine;
			targetProxy = E65BD8571835983A00A51612 /* PBXContainerItemProxy */;
		};
/* End PBXTargetDependency section */

/* Begin PBXVariantGroup section */
		E60E51C31804069C00181A26 /* InfoPlist.strings */ = {
			isa = PBXVariantGroup;
			children = (
				E60E51C41804069C00181A26 /* en */,
			);
			name = InfoPlist.strings;
			sourceTree = "<group>";
		};
		E60E51DC1804069C00181A26 /* InfoPlist.strings */ = {
			isa = PBXVariantGroup;
			children = (
				E60E51DD1804069C00181A26 /* en */,
			);
			name = InfoPlist.strings;
			sourceTree = "<group>";
		};
/* End PBXVariantGroup section */

/* Begin XCBuildConfiguration section */
		E60E51E11804069C00181A26 /* Debug */ = {
			isa = XCBuildConfiguration;
			buildSettings = {
				ALWAYS_SEARCH_USER_PATHS = NO;
				ARCHS = "$(ARCHS_STANDARD_INCLUDING_64_BIT)";
				CLANG_CXX_LANGUAGE_STANDARD = "gnu++0x";
				CLANG_CXX_LIBRARY = "libc++";
				CLANG_ENABLE_MODULES = YES;
				CLANG_ENABLE_OBJC_ARC = YES;
				CLANG_WARN_BOOL_CONVERSION = YES;
				CLANG_WARN_CONSTANT_CONVERSION = YES;
				CLANG_WARN_DIRECT_OBJC_ISA_USAGE = YES_ERROR;
				CLANG_WARN_EMPTY_BODY = YES;
				CLANG_WARN_ENUM_CONVERSION = YES;
				CLANG_WARN_INT_CONVERSION = YES;
				CLANG_WARN_OBJC_ROOT_CLASS = YES_ERROR;
				CLANG_WARN__DUPLICATE_METHOD_MATCH = YES;
				"CODE_SIGN_IDENTITY[sdk=iphoneos*]" = "iPhone Developer";
				COPY_PHASE_STRIP = NO;
				FRAMEWORK_SEARCH_PATHS = "";
				GCC_C_LANGUAGE_STANDARD = gnu99;
				GCC_DYNAMIC_NO_PIC = NO;
				GCC_OPTIMIZATION_LEVEL = 0;
				GCC_PREPROCESSOR_DEFINITIONS = (
					"DEBUG=1",
					"$(inherited)",
				);
				GCC_SYMBOLS_PRIVATE_EXTERN = NO;
				GCC_WARN_64_TO_32_BIT_CONVERSION = YES;
				GCC_WARN_ABOUT_RETURN_TYPE = YES_ERROR;
				GCC_WARN_UNDECLARED_SELECTOR = YES;
				GCC_WARN_UNINITIALIZED_AUTOS = YES;
				GCC_WARN_UNUSED_FUNCTION = YES;
				GCC_WARN_UNUSED_VARIABLE = YES;
				HEADER_SEARCH_PATHS = (
					"$(inherited)",
					/Applications/Xcode.app/Contents/Developer/Toolchains/XcodeDefault.xctoolchain/usr/include,
					../../../LunaEngine/Engine,
				);
				IPHONEOS_DEPLOYMENT_TARGET = 7.0;
				ONLY_ACTIVE_ARCH = YES;
				SDKROOT = iphoneos;
				TARGETED_DEVICE_FAMILY = "1,2";
			};
			name = Debug;
		};
		E60E51E21804069C00181A26 /* Release */ = {
			isa = XCBuildConfiguration;
			buildSettings = {
				ALWAYS_SEARCH_USER_PATHS = NO;
				ARCHS = "$(ARCHS_STANDARD_INCLUDING_64_BIT)";
				CLANG_CXX_LANGUAGE_STANDARD = "gnu++0x";
				CLANG_CXX_LIBRARY = "libc++";
				CLANG_ENABLE_MODULES = YES;
				CLANG_ENABLE_OBJC_ARC = YES;
				CLANG_WARN_BOOL_CONVERSION = YES;
				CLANG_WARN_CONSTANT_CONVERSION = YES;
				CLANG_WARN_DIRECT_OBJC_ISA_USAGE = YES_ERROR;
				CLANG_WARN_EMPTY_BODY = YES;
				CLANG_WARN_ENUM_CONVERSION = YES;
				CLANG_WARN_INT_CONVERSION = YES;
				CLANG_WARN_OBJC_ROOT_CLASS = YES_ERROR;
				CLANG_WARN__DUPLICATE_METHOD_MATCH = YES;
				"CODE_SIGN_IDENTITY[sdk=iphoneos*]" = "iPhone Developer";
				COPY_PHASE_STRIP = YES;
				ENABLE_NS_ASSERTIONS = NO;
				FRAMEWORK_SEARCH_PATHS = "";
				GCC_C_LANGUAGE_STANDARD = gnu99;
				GCC_WARN_64_TO_32_BIT_CONVERSION = YES;
				GCC_WARN_ABOUT_RETURN_TYPE = YES_ERROR;
				GCC_WARN_UNDECLARED_SELECTOR = YES;
				GCC_WARN_UNINITIALIZED_AUTOS = YES;
				GCC_WARN_UNUSED_FUNCTION = YES;
				GCC_WARN_UNUSED_VARIABLE = YES;
				HEADER_SEARCH_PATHS = (
					"$(inherited)",
					/Applications/Xcode.app/Contents/Developer/Toolchains/XcodeDefault.xctoolchain/usr/include,
					../../../LunaEngine/Engine,
				);
				IPHONEOS_DEPLOYMENT_TARGET = 7.0;
				SDKROOT = iphoneos;
				TARGETED_DEVICE_FAMILY = "1,2";
				VALIDATE_PRODUCT = YES;
			};
			name = Release;
		};
		E60E51E41804069C00181A26 /* Debug */ = {
			isa = XCBuildConfiguration;
			buildSettings = {
				ARCHS = "$(ARCHS_STANDARD)";
				ASSETCATALOG_COMPILER_APPICON_NAME = AppIcon;
				ASSETCATALOG_COMPILER_LAUNCHIMAGE_NAME = LaunchImage;
				GCC_PRECOMPILE_PREFIX_HEADER = YES;
				GCC_PREFIX_HEADER = "UndeadRising/UndeadRising-Prefix.pch";
				INFOPLIST_FILE = "UndeadRising/UndeadRising-Info.plist";
				LIBRARY_SEARCH_PATHS = (
					"$(inherited)",
					/Users/Nishry/Documents/LunaEngine/Engine/Externals/freetype2,
					"$(USER_LIBRARY_DIR)/Developer/Xcode/DerivedData/angelscript-esvhdojcldbyopdjdxbevxsvovbi/Build/Products/Release-iphoneos",
				);
				PRODUCT_NAME = "$(TARGET_NAME)";
				WRAPPER_EXTENSION = app;
			};
			name = Debug;
		};
		E60E51E51804069C00181A26 /* Release */ = {
			isa = XCBuildConfiguration;
			buildSettings = {
				ARCHS = "$(ARCHS_STANDARD)";
				ASSETCATALOG_COMPILER_APPICON_NAME = AppIcon;
				ASSETCATALOG_COMPILER_LAUNCHIMAGE_NAME = LaunchImage;
				GCC_PRECOMPILE_PREFIX_HEADER = YES;
				GCC_PREFIX_HEADER = "UndeadRising/UndeadRising-Prefix.pch";
				INFOPLIST_FILE = "UndeadRising/UndeadRising-Info.plist";
				LIBRARY_SEARCH_PATHS = (
					"$(inherited)",
					/Users/Nishry/Documents/LunaEngine/Engine/Externals/freetype2,
					"$(USER_LIBRARY_DIR)/Developer/Xcode/DerivedData/angelscript-esvhdojcldbyopdjdxbevxsvovbi/Build/Products/Release-iphoneos",
				);
				PRODUCT_NAME = "$(TARGET_NAME)";
				WRAPPER_EXTENSION = app;
			};
			name = Release;
		};
		E60E51E71804069C00181A26 /* Debug */ = {
			isa = XCBuildConfiguration;
			buildSettings = {
				ARCHS = "$(ARCHS_STANDARD_INCLUDING_64_BIT)";
				BUNDLE_LOADER = "$(BUILT_PRODUCTS_DIR)/UndeadRising.app/UndeadRising";
				FRAMEWORK_SEARCH_PATHS = (
					"$(SDKROOT)/Developer/Library/Frameworks",
					"$(inherited)",
				);
				GCC_PRECOMPILE_PREFIX_HEADER = YES;
				GCC_PREFIX_HEADER = "UndeadRising/UndeadRising-Prefix.pch";
				GCC_PREPROCESSOR_DEFINITIONS = (
					"DEBUG=1",
					"$(inherited)",
				);
				INFOPLIST_FILE = "UndeadRisingTests/UndeadRisingTests-Info.plist";
				PRODUCT_NAME = "$(TARGET_NAME)";
				TEST_HOST = "$(BUNDLE_LOADER)";
				WRAPPER_EXTENSION = xctest;
			};
			name = Debug;
		};
		E60E51E81804069C00181A26 /* Release */ = {
			isa = XCBuildConfiguration;
			buildSettings = {
				ARCHS = "$(ARCHS_STANDARD_INCLUDING_64_BIT)";
				BUNDLE_LOADER = "$(BUILT_PRODUCTS_DIR)/UndeadRising.app/UndeadRising";
				FRAMEWORK_SEARCH_PATHS = (
					"$(SDKROOT)/Developer/Library/Frameworks",
					"$(inherited)",
				);
				GCC_PRECOMPILE_PREFIX_HEADER = YES;
				GCC_PREFIX_HEADER = "UndeadRising/UndeadRising-Prefix.pch";
				INFOPLIST_FILE = "UndeadRisingTests/UndeadRisingTests-Info.plist";
				PRODUCT_NAME = "$(TARGET_NAME)";
				TEST_HOST = "$(BUNDLE_LOADER)";
				WRAPPER_EXTENSION = xctest;
			};
			name = Release;
		};
		E60E523F180408F000181A26 /* Debug */ = {
			isa = XCBuildConfiguration;
			buildSettings = {
				ARCHS = "$(ARCHS_STANDARD_32_BIT)";
				GCC_ENABLE_OBJC_EXCEPTIONS = YES;
				GCC_PREPROCESSOR_DEFINITIONS = (
					"DEBUG=1",
					"$(inherited)",
				);
				LIBRARY_SEARCH_PATHS = (
					"$(inherited)",
					/Users/Nishry/Documents/LunaEngine/Engine/Externals/AngelScript/iOS/OSX,
				);
				MACOSX_DEPLOYMENT_TARGET = 10.8;
				PRODUCT_NAME = "$(TARGET_NAME)";
				SDKROOT = macosx;
			};
			name = Debug;
		};
		E60E5240180408F000181A26 /* Release */ = {
			isa = XCBuildConfiguration;
			buildSettings = {
				ARCHS = "$(ARCHS_STANDARD_32_BIT)";
				DEBUG_INFORMATION_FORMAT = "dwarf-with-dsym";
				GCC_ENABLE_OBJC_EXCEPTIONS = YES;
				LIBRARY_SEARCH_PATHS = (
					"$(inherited)",
					/Users/Nishry/Documents/LunaEngine/Engine/Externals/AngelScript/iOS/OSX,
				);
				MACOSX_DEPLOYMENT_TARGET = 10.8;
				PRODUCT_NAME = "$(TARGET_NAME)";
				SDKROOT = macosx;
			};
			name = Release;
		};
/* End XCBuildConfiguration section */

/* Begin XCConfigurationList section */
		E60E51B21804069C00181A26 /* Build configuration list for PBXProject "UndeadRising" */ = {
			isa = XCConfigurationList;
			buildConfigurations = (
				E60E51E11804069C00181A26 /* Debug */,
				E60E51E21804069C00181A26 /* Release */,
			);
			defaultConfigurationIsVisible = 0;
			defaultConfigurationName = Release;
		};
		E60E51E31804069C00181A26 /* Build configuration list for PBXNativeTarget "UndeadRising" */ = {
			isa = XCConfigurationList;
			buildConfigurations = (
				E60E51E41804069C00181A26 /* Debug */,
				E60E51E51804069C00181A26 /* Release */,
			);
			defaultConfigurationIsVisible = 0;
			defaultConfigurationName = Release;
		};
		E60E51E61804069C00181A26 /* Build configuration list for PBXNativeTarget "UndeadRisingTests" */ = {
			isa = XCConfigurationList;
			buildConfigurations = (
				E60E51E71804069C00181A26 /* Debug */,
				E60E51E81804069C00181A26 /* Release */,
			);
			defaultConfigurationIsVisible = 0;
			defaultConfigurationName = Release;
		};
		E60E523E180408F000181A26 /* Build configuration list for PBXNativeTarget "UndeadRising Mac" */ = {
			isa = XCConfigurationList;
			buildConfigurations = (
				E60E523F180408F000181A26 /* Debug */,
				E60E5240180408F000181A26 /* Release */,
			);
			defaultConfigurationIsVisible = 0;
			defaultConfigurationName = Release;
		};
/* End XCConfigurationList section */
	};
	rootObject = E60E51AF1804069C00181A26 /* Project object */;
}
